
Microsoft Visual Studio Solution File, Format Version 12.00
# Visual Studio 15
VisualStudioVersion = 15.0.28010.2046
MinimumVisualStudioVersion = 10.0.40219.1
Project("{9A19103F-16F7-4668-BE54-9A1E7A4F7556}") = "SignalRPrint", "SignalRChat\SignalRPrint.csproj", "{7831AEDB-139E-4AA3-BD74-C4DC558B56BE}"
EndProject
Global
	GlobalSection(SolutionConfigurationPlatforms) = preSolution
		Debug|Any CPU = Debug|Any CPU
		Release|Any CPU = Release|Any CPU
	EndGlobalSection
	GlobalSection(ProjectConfigurationPlatforms) = postSolution
		{7831AEDB-139E-4AA3-BD74-C4DC558B56BE}.Debug|Any CPU.ActiveCfg = Debug|Any CPU
		{7831AEDB-139E-4AA3-BD74-C4DC558B56BE}.Debug|Any CPU.Build.0 = Debug|Any CPU
		{7831AEDB-139E-4AA3-BD74-C4DC558B56BE}.Release|Any CPU.ActiveCfg = Release|Any CPU
		{7831AEDB-139E-4AA3-BD74-C4DC558B56BE}.Release|Any CPU.Build.0 = Release|Any CPU
	EndGlobalSection
	GlobalSection(SolutionProperties) = preSolution
		HideSolutionNode = FALSE
	EndGlobalSection
	GlobalSection(ExtensibilityGlobals) = postSolution
		SolutionGuid = {1ED42319-EA40-4FEE-B210-4A4C1B78708E}
	EndGlobalSection
EndGlobal
